// !$*UTF8*$!
{
	archiveVersion = 1;
	classes = {
	};
	objectVersion = 46;
	objects = {

/* Begin PBXBuildFile section */
		27080D52158A9A72004D73AB /* FJEventosServices.m in Sources */ = {isa = PBXBuildFile; fileRef = 27080D51158A9A72004D73AB /* FJEventosServices.m */; };
		2719E71D15A9DB2700320BCE /* FJPullRefreshView.m in Sources */ = {isa = PBXBuildFile; fileRef = 2719E71C15A9DB2600320BCE /* FJPullRefreshView.m */; };
		2719E72015A9DB7400320BCE /* FJPullRefreshView.xib in Resources */ = {isa = PBXBuildFile; fileRef = 2719E71F15A9DB7400320BCE /* FJPullRefreshView.xib */; };
		27582F6C15850C6C00C3BC63 /* FJEventoCell.m in Sources */ = {isa = PBXBuildFile; fileRef = 27582F6B15850C6C00C3BC63 /* FJEventoCell.m */; };
		27582F7015851C3300C3BC63 /* bugdefault.png in Resources */ = {isa = PBXBuildFile; fileRef = 27582F6E15851C3300C3BC63 /* bugdefault.png */; };
		27582F7115851C3300C3BC63 /* bugdefault@2x.png in Resources */ = {isa = PBXBuildFile; fileRef = 27582F6F15851C3300C3BC63 /* bugdefault@2x.png */; };
		27AE52C7158E140D005FA58A /* NSString+HTML.m in Sources */ = {isa = PBXBuildFile; fileRef = 27AE52C6158E140D005FA58A /* NSString+HTML.m */; };
		27AE52CD158E1614005FA58A /* GTMNSString+HTML.m in Sources */ = {isa = PBXBuildFile; fileRef = 27AE52CC158E1614005FA58A /* GTMNSString+HTML.m */; };
		27C9A4C01582BB1A004FC975 /* UIKit.framework in Frameworks */ = {isa = PBXBuildFile; fileRef = 27C9A4BF1582BB1A004FC975 /* UIKit.framework */; };
		27C9A4C21582BB1A004FC975 /* Foundation.framework in Frameworks */ = {isa = PBXBuildFile; fileRef = 27C9A4C11582BB1A004FC975 /* Foundation.framework */; };
		27C9A4C41582BB1A004FC975 /* CoreGraphics.framework in Frameworks */ = {isa = PBXBuildFile; fileRef = 27C9A4C31582BB1A004FC975 /* CoreGraphics.framework */; };
		27C9A4CA1582BB1A004FC975 /* InfoPlist.strings in Resources */ = {isa = PBXBuildFile; fileRef = 27C9A4C81582BB1A004FC975 /* InfoPlist.strings */; };
		27C9A4CC1582BB1A004FC975 /* main.m in Sources */ = {isa = PBXBuildFile; fileRef = 27C9A4CB1582BB1A004FC975 /* main.m */; };
		27C9A4D01582BB1A004FC975 /* FJAppDelegate.m in Sources */ = {isa = PBXBuildFile; fileRef = 27C9A4CF1582BB1A004FC975 /* FJAppDelegate.m */; };
		27C9A4D31582BB1A004FC975 /* MainStoryboard_iPhone.storyboard in Resources */ = {isa = PBXBuildFile; fileRef = 27C9A4D11582BB1A004FC975 /* MainStoryboard_iPhone.storyboard */; };
		27C9A4D61582BB1A004FC975 /* MainStoryboard_iPad.storyboard in Resources */ = {isa = PBXBuildFile; fileRef = 27C9A4D41582BB1A004FC975 /* MainStoryboard_iPad.storyboard */; };
		27C9A4EB1582BBA6004FC975 /* FJEventoDetailSceneScene.m in Sources */ = {isa = PBXBuildFile; fileRef = 27C9A4E81582BBA6004FC975 /* FJEventoDetailSceneScene.m */; };
		27C9A4EC1582BBA6004FC975 /* FJEventosScene.m in Sources */ = {isa = PBXBuildFile; fileRef = 27C9A4EA1582BBA6004FC975 /* FJEventosScene.m */; };
		27C9A4F11582BBB3004FC975 /* FJCoreDataStack.m in Sources */ = {isa = PBXBuildFile; fileRef = 27C9A4EE1582BBB3004FC975 /* FJCoreDataStack.m */; };
		27C9A4F21582BBB3004FC975 /* FJDirectory.m in Sources */ = {isa = PBXBuildFile; fileRef = 27C9A4F01582BBB3004FC975 /* FJDirectory.m */; };
		27C9A4F51582BBBD004FC975 /* FJCoreDataStack+Bug.m in Sources */ = {isa = PBXBuildFile; fileRef = 27C9A4F41582BBBD004FC975 /* FJCoreDataStack+Bug.m */; };
		27C9A4FC1582BBE7004FC975 /* FJBUGAtomParser.m in Sources */ = {isa = PBXBuildFile; fileRef = 27C9A4FA1582BBE7004FC975 /* FJBUGAtomParser.m */; };
		27C9A5011582BBFA004FC975 /* Evento.m in Sources */ = {isa = PBXBuildFile; fileRef = 27C9A4FE1582BBFA004FC975 /* Evento.m */; };
		27C9A5021582BBFA004FC975 /* Evento+Extended.m in Sources */ = {isa = PBXBuildFile; fileRef = 27C9A5001582BBFA004FC975 /* Evento+Extended.m */; };
		27C9A5091582BC09004FC975 /* BugIniciativaModel.xcdatamodeld in Sources */ = {isa = PBXBuildFile; fileRef = 27C9A5031582BC09004FC975 /* BugIniciativaModel.xcdatamodeld */; };
		27C9A50A1582BC09004FC975 /* Category.m in Sources */ = {isa = PBXBuildFile; fileRef = 27C9A5061582BC09004FC975 /* Category.m */; };
		27C9A50B1582BC09004FC975 /* Category+Extended.m in Sources */ = {isa = PBXBuildFile; fileRef = 27C9A5081582BC09004FC975 /* Category+Extended.m */; };
		27C9A50E1582BC71004FC975 /* CoreData.framework in Frameworks */ = {isa = PBXBuildFile; fileRef = 27C9A50D1582BC71004FC975 /* CoreData.framework */; };
/* End PBXBuildFile section */

/* Begin PBXFileReference section */
		27080D50158A9A71004D73AB /* FJEventosServices.h */ = {isa = PBXFileReference; fileEncoding = 4; lastKnownFileType = sourcecode.c.h; path = FJEventosServices.h; sourceTree = "<group>"; };
		27080D51158A9A72004D73AB /* FJEventosServices.m */ = {isa = PBXFileReference; fileEncoding = 4; lastKnownFileType = sourcecode.c.objc; path = FJEventosServices.m; sourceTree = "<group>"; };
		2719E71B15A9DB2600320BCE /* FJPullRefreshView.h */ = {isa = PBXFileReference; fileEncoding = 4; lastKnownFileType = sourcecode.c.h; path = FJPullRefreshView.h; sourceTree = "<group>"; };
		2719E71C15A9DB2600320BCE /* FJPullRefreshView.m */ = {isa = PBXFileReference; fileEncoding = 4; lastKnownFileType = sourcecode.c.objc; path = FJPullRefreshView.m; sourceTree = "<group>"; };
		2719E71F15A9DB7400320BCE /* FJPullRefreshView.xib */ = {isa = PBXFileReference; fileEncoding = 4; lastKnownFileType = file.xib; path = FJPullRefreshView.xib; sourceTree = "<group>"; };
		27582F6A15850C6C00C3BC63 /* FJEventoCell.h */ = {isa = PBXFileReference; fileEncoding = 4; lastKnownFileType = sourcecode.c.h; path = FJEventoCell.h; sourceTree = "<group>"; };
		27582F6B15850C6C00C3BC63 /* FJEventoCell.m */ = {isa = PBXFileReference; fileEncoding = 4; lastKnownFileType = sourcecode.c.objc; path = FJEventoCell.m; sourceTree = "<group>"; };
		27582F6E15851C3300C3BC63 /* bugdefault.png */ = {isa = PBXFileReference; lastKnownFileType = image.png; path = bugdefault.png; sourceTree = "<group>"; };
		27582F6F15851C3300C3BC63 /* bugdefault@2x.png */ = {isa = PBXFileReference; lastKnownFileType = image.png; path = "bugdefault@2x.png"; sourceTree = "<group>"; };
		27AE52C5158E140D005FA58A /* NSString+HTML.h */ = {isa = PBXFileReference; fileEncoding = 4; lastKnownFileType = sourcecode.c.h; path = "NSString+HTML.h"; sourceTree = "<group>"; };
		27AE52C6158E140D005FA58A /* NSString+HTML.m */ = {isa = PBXFileReference; fileEncoding = 4; lastKnownFileType = sourcecode.c.objc; path = "NSString+HTML.m"; sourceTree = "<group>"; };
		27AE52CB158E1614005FA58A /* GTMNSString+HTML.h */ = {isa = PBXFileReference; fileEncoding = 4; lastKnownFileType = sourcecode.c.h; path = "GTMNSString+HTML.h"; sourceTree = "<group>"; };
		27AE52CC158E1614005FA58A /* GTMNSString+HTML.m */ = {isa = PBXFileReference; fileEncoding = 4; lastKnownFileType = sourcecode.c.objc; path = "GTMNSString+HTML.m"; sourceTree = "<group>"; };
		27C9A4BB1582BB1A004FC975 /* bugdainiciativa-iphone.app */ = {isa = PBXFileReference; explicitFileType = wrapper.application; includeInIndex = 0; path = "bugdainiciativa-iphone.app"; sourceTree = BUILT_PRODUCTS_DIR; };
		27C9A4BF1582BB1A004FC975 /* UIKit.framework */ = {isa = PBXFileReference; lastKnownFileType = wrapper.framework; name = UIKit.framework; path = System/Library/Frameworks/UIKit.framework; sourceTree = SDKROOT; };
		27C9A4C11582BB1A004FC975 /* Foundation.framework */ = {isa = PBXFileReference; lastKnownFileType = wrapper.framework; name = Foundation.framework; path = System/Library/Frameworks/Foundation.framework; sourceTree = SDKROOT; };
		27C9A4C31582BB1A004FC975 /* CoreGraphics.framework */ = {isa = PBXFileReference; lastKnownFileType = wrapper.framework; name = CoreGraphics.framework; path = System/Library/Frameworks/CoreGraphics.framework; sourceTree = SDKROOT; };
		27C9A4C71582BB1A004FC975 /* bugdainiciativa-iphone-Info.plist */ = {isa = PBXFileReference; lastKnownFileType = text.plist.xml; path = "bugdainiciativa-iphone-Info.plist"; sourceTree = "<group>"; };
		27C9A4C91582BB1A004FC975 /* en */ = {isa = PBXFileReference; lastKnownFileType = text.plist.strings; name = en; path = en.lproj/InfoPlist.strings; sourceTree = "<group>"; };
		27C9A4CB1582BB1A004FC975 /* main.m */ = {isa = PBXFileReference; lastKnownFileType = sourcecode.c.objc; path = main.m; sourceTree = "<group>"; };
		27C9A4CD1582BB1A004FC975 /* bugdainiciativa-iphone-Prefix.pch */ = {isa = PBXFileReference; lastKnownFileType = sourcecode.c.h; path = "bugdainiciativa-iphone-Prefix.pch"; sourceTree = "<group>"; };
		27C9A4CE1582BB1A004FC975 /* FJAppDelegate.h */ = {isa = PBXFileReference; lastKnownFileType = sourcecode.c.h; path = FJAppDelegate.h; sourceTree = "<group>"; };
		27C9A4CF1582BB1A004FC975 /* FJAppDelegate.m */ = {isa = PBXFileReference; lastKnownFileType = sourcecode.c.objc; path = FJAppDelegate.m; sourceTree = "<group>"; };
		27C9A4D21582BB1A004FC975 /* en */ = {isa = PBXFileReference; lastKnownFileType = file.storyboard; name = en; path = en.lproj/MainStoryboard_iPhone.storyboard; sourceTree = "<group>"; };
		27C9A4D51582BB1A004FC975 /* en */ = {isa = PBXFileReference; lastKnownFileType = file.storyboard; name = en; path = en.lproj/MainStoryboard_iPad.storyboard; sourceTree = "<group>"; };
		27C9A4E71582BBA6004FC975 /* FJEventoDetailSceneScene.h */ = {isa = PBXFileReference; fileEncoding = 4; lastKnownFileType = sourcecode.c.h; path = FJEventoDetailSceneScene.h; sourceTree = "<group>"; };
		27C9A4E81582BBA6004FC975 /* FJEventoDetailSceneScene.m */ = {isa = PBXFileReference; fileEncoding = 4; lastKnownFileType = sourcecode.c.objc; path = FJEventoDetailSceneScene.m; sourceTree = "<group>"; };
		27C9A4E91582BBA6004FC975 /* FJEventosScene.h */ = {isa = PBXFileReference; fileEncoding = 4; lastKnownFileType = sourcecode.c.h; path = FJEventosScene.h; sourceTree = "<group>"; };
		27C9A4EA1582BBA6004FC975 /* FJEventosScene.m */ = {isa = PBXFileReference; fileEncoding = 4; lastKnownFileType = sourcecode.c.objc; path = FJEventosScene.m; sourceTree = "<group>"; };
		27C9A4ED1582BBB3004FC975 /* FJCoreDataStack.h */ = {isa = PBXFileReference; fileEncoding = 4; lastKnownFileType = sourcecode.c.h; path = FJCoreDataStack.h; sourceTree = "<group>"; };
		27C9A4EE1582BBB3004FC975 /* FJCoreDataStack.m */ = {isa = PBXFileReference; fileEncoding = 4; lastKnownFileType = sourcecode.c.objc; path = FJCoreDataStack.m; sourceTree = "<group>"; };
		27C9A4EF1582BBB3004FC975 /* FJDirectory.h */ = {isa = PBXFileReference; fileEncoding = 4; lastKnownFileType = sourcecode.c.h; path = FJDirectory.h; sourceTree = "<group>"; };
		27C9A4F01582BBB3004FC975 /* FJDirectory.m */ = {isa = PBXFileReference; fileEncoding = 4; lastKnownFileType = sourcecode.c.objc; path = FJDirectory.m; sourceTree = "<group>"; };
		27C9A4F31582BBBD004FC975 /* FJCoreDataStack+Bug.h */ = {isa = PBXFileReference; fileEncoding = 4; lastKnownFileType = sourcecode.c.h; path = "FJCoreDataStack+Bug.h"; sourceTree = "<group>"; };
		27C9A4F41582BBBD004FC975 /* FJCoreDataStack+Bug.m */ = {isa = PBXFileReference; fileEncoding = 4; lastKnownFileType = sourcecode.c.objc; path = "FJCoreDataStack+Bug.m"; sourceTree = "<group>"; };
		27C9A4F91582BBE7004FC975 /* FJBUGAtomParser.h */ = {isa = PBXFileReference; fileEncoding = 4; lastKnownFileType = sourcecode.c.h; path = FJBUGAtomParser.h; sourceTree = "<group>"; };
		27C9A4FA1582BBE7004FC975 /* FJBUGAtomParser.m */ = {isa = PBXFileReference; fileEncoding = 4; lastKnownFileType = sourcecode.c.objc; path = FJBUGAtomParser.m; sourceTree = "<group>"; };
		27C9A4FB1582BBE7004FC975 /* FJBUGAtomParserProtocol.h */ = {isa = PBXFileReference; fileEncoding = 4; lastKnownFileType = sourcecode.c.h; path = FJBUGAtomParserProtocol.h; sourceTree = "<group>"; };
		27C9A4FD1582BBFA004FC975 /* Evento.h */ = {isa = PBXFileReference; fileEncoding = 4; lastKnownFileType = sourcecode.c.h; path = Evento.h; sourceTree = "<group>"; };
		27C9A4FE1582BBFA004FC975 /* Evento.m */ = {isa = PBXFileReference; fileEncoding = 4; lastKnownFileType = sourcecode.c.objc; path = Evento.m; sourceTree = "<group>"; };
		27C9A4FF1582BBFA004FC975 /* Evento+Extended.h */ = {isa = PBXFileReference; fileEncoding = 4; lastKnownFileType = sourcecode.c.h; path = "Evento+Extended.h"; sourceTree = "<group>"; };
		27C9A5001582BBFA004FC975 /* Evento+Extended.m */ = {isa = PBXFileReference; fileEncoding = 4; lastKnownFileType = sourcecode.c.objc; path = "Evento+Extended.m"; sourceTree = "<group>"; };
		27C9A5041582BC09004FC975 /* BugIniciativaModel.xcdatamodel */ = {isa = PBXFileReference; lastKnownFileType = wrapper.xcdatamodel; path = BugIniciativaModel.xcdatamodel; sourceTree = "<group>"; };
		27C9A5051582BC09004FC975 /* Category.h */ = {isa = PBXFileReference; fileEncoding = 4; lastKnownFileType = sourcecode.c.h; path = Category.h; sourceTree = "<group>"; };
		27C9A5061582BC09004FC975 /* Category.m */ = {isa = PBXFileReference; fileEncoding = 4; lastKnownFileType = sourcecode.c.objc; path = Category.m; sourceTree = "<group>"; };
		27C9A5071582BC09004FC975 /* Category+Extended.h */ = {isa = PBXFileReference; fileEncoding = 4; lastKnownFileType = sourcecode.c.h; path = "Category+Extended.h"; sourceTree = "<group>"; };
		27C9A5081582BC09004FC975 /* Category+Extended.m */ = {isa = PBXFileReference; fileEncoding = 4; lastKnownFileType = sourcecode.c.objc; path = "Category+Extended.m"; sourceTree = "<group>"; };
		27C9A50D1582BC71004FC975 /* CoreData.framework */ = {isa = PBXFileReference; lastKnownFileType = wrapper.framework; name = CoreData.framework; path = System/Library/Frameworks/CoreData.framework; sourceTree = SDKROOT; };
/* End PBXFileReference section */

/* Begin PBXFrameworksBuildPhase section */
		27C9A4B81582BB1A004FC975 /* Frameworks */ = {
			isa = PBXFrameworksBuildPhase;
			buildActionMask = 2147483647;
			files = (
				27C9A50E1582BC71004FC975 /* CoreData.framework in Frameworks */,
				27C9A4C01582BB1A004FC975 /* UIKit.framework in Frameworks */,
				27C9A4C21582BB1A004FC975 /* Foundation.framework in Frameworks */,
				27C9A4C41582BB1A004FC975 /* CoreGraphics.framework in Frameworks */,
			);
			runOnlyForDeploymentPostprocessing = 0;
		};
/* End PBXFrameworksBuildPhase section */

/* Begin PBXGroup section */
		27582F7215851C3700C3BC63 /* resources */ = {
			isa = PBXGroup;
			children = (
				27582F6E15851C3300C3BC63 /* bugdefault.png */,
				27582F6F15851C3300C3BC63 /* bugdefault@2x.png */,
			);
			name = resources;
			sourceTree = "<group>";
		};
		27C9A4B01582BB1A004FC975 = {
			isa = PBXGroup;
			children = (
				27C9A4C51582BB1A004FC975 /* bugdainiciativa-iphone */,
				27C9A4BE1582BB1A004FC975 /* Frameworks */,
				27C9A4BC1582BB1A004FC975 /* Products */,
			);
			sourceTree = "<group>";
		};
		27C9A4BC1582BB1A004FC975 /* Products */ = {
			isa = PBXGroup;
			children = (
				27C9A4BB1582BB1A004FC975 /* bugdainiciativa-iphone.app */,
			);
			name = Products;
			sourceTree = "<group>";
		};
		27C9A4BE1582BB1A004FC975 /* Frameworks */ = {
			isa = PBXGroup;
			children = (
				27C9A50D1582BC71004FC975 /* CoreData.framework */,
				27C9A4BF1582BB1A004FC975 /* UIKit.framework */,
				27C9A4C11582BB1A004FC975 /* Foundation.framework */,
				27C9A4C31582BB1A004FC975 /* CoreGraphics.framework */,
			);
			name = Frameworks;
			sourceTree = "<group>";
		};
		27C9A4C51582BB1A004FC975 /* bugdainiciativa-iphone */ = {
			isa = PBXGroup;
			children = (
				27582F7215851C3700C3BC63 /* resources */,
				27C9A4E61582BB8D004FC975 /* libs */,
				27C9A50C1582BC34004FC975 /* utils */,
				27C9A4E51582BB86004FC975 /* eventos */,
				27C9A4E41582BB80004FC975 /* model */,
				27C9A4CE1582BB1A004FC975 /* FJAppDelegate.h */,
				27C9A4CF1582BB1A004FC975 /* FJAppDelegate.m */,
				27C9A4D11582BB1A004FC975 /* MainStoryboard_iPhone.storyboard */,
				27C9A4D41582BB1A004FC975 /* MainStoryboard_iPad.storyboard */,
				27C9A4C61582BB1A004FC975 /* Supporting Files */,
			);
			path = "bugdainiciativa-iphone";
			sourceTree = "<group>";
		};
		27C9A4C61582BB1A004FC975 /* Supporting Files */ = {
			isa = PBXGroup;
			children = (
				27C9A4C71582BB1A004FC975 /* bugdainiciativa-iphone-Info.plist */,
				27C9A4C81582BB1A004FC975 /* InfoPlist.strings */,
				27C9A4CB1582BB1A004FC975 /* main.m */,
				27C9A4CD1582BB1A004FC975 /* bugdainiciativa-iphone-Prefix.pch */,
			);
			name = "Supporting Files";
			sourceTree = "<group>";
		};
		27C9A4E41582BB80004FC975 /* model */ = {
			isa = PBXGroup;
			children = (
				27C9A5031582BC09004FC975 /* BugIniciativaModel.xcdatamodeld */,
				27C9A4F31582BBBD004FC975 /* FJCoreDataStack+Bug.h */,
				27C9A4F41582BBBD004FC975 /* FJCoreDataStack+Bug.m */,
				27C9A4FD1582BBFA004FC975 /* Evento.h */,
				27C9A4FE1582BBFA004FC975 /* Evento.m */,
				27C9A4FF1582BBFA004FC975 /* Evento+Extended.h */,
				27C9A5001582BBFA004FC975 /* Evento+Extended.m */,
				27C9A5051582BC09004FC975 /* Category.h */,
				27C9A5061582BC09004FC975 /* Category.m */,
				27C9A5071582BC09004FC975 /* Category+Extended.h */,
				27C9A5081582BC09004FC975 /* Category+Extended.m */,
			);
			name = model;
			sourceTree = "<group>";
		};
		27C9A4E51582BB86004FC975 /* eventos */ = {
			isa = PBXGroup;
			children = (
				27C9A4E71582BBA6004FC975 /* FJEventoDetailSceneScene.h */,
				27C9A4E81582BBA6004FC975 /* FJEventoDetailSceneScene.m */,
				27C9A4E91582BBA6004FC975 /* FJEventosScene.h */,
				27C9A4EA1582BBA6004FC975 /* FJEventosScene.m */,
				27582F6A15850C6C00C3BC63 /* FJEventoCell.h */,
				27582F6B15850C6C00C3BC63 /* FJEventoCell.m */,
				2719E71B15A9DB2600320BCE /* FJPullRefreshView.h */,
				2719E71C15A9DB2600320BCE /* FJPullRefreshView.m */,
				2719E71F15A9DB7400320BCE /* FJPullRefreshView.xib */,
			);
			name = eventos;
			sourceTree = "<group>";
		};
		27C9A4E61582BB8D004FC975 /* libs */ = {
			isa = PBXGroup;
			children = (
				27C9A4ED1582BBB3004FC975 /* FJCoreDataStack.h */,
				27C9A4EE1582BBB3004FC975 /* FJCoreDataStack.m */,
				27C9A4EF1582BBB3004FC975 /* FJDirectory.h */,
				27C9A4F01582BBB3004FC975 /* FJDirectory.m */,
				27AE52CB158E1614005FA58A /* GTMNSString+HTML.h */,
				27AE52CC158E1614005FA58A /* GTMNSString+HTML.m */,
				27AE52C5158E140D005FA58A /* NSString+HTML.h */,
				27AE52C6158E140D005FA58A /* NSString+HTML.m */,
			);
			name = libs;
			sourceTree = "<group>";
		};
		27C9A50C1582BC34004FC975 /* utils */ = {
			isa = PBXGroup;
			children = (
				27C9A4F91582BBE7004FC975 /* FJBUGAtomParser.h */,
				27C9A4FA1582BBE7004FC975 /* FJBUGAtomParser.m */,
				27C9A4FB1582BBE7004FC975 /* FJBUGAtomParserProtocol.h */,
				27080D50158A9A71004D73AB /* FJEventosServices.h */,
				27080D51158A9A72004D73AB /* FJEventosServices.m */,
			);
			name = utils;
			sourceTree = "<group>";
		};
/* End PBXGroup section */

/* Begin PBXNativeTarget section */
		27C9A4BA1582BB1A004FC975 /* bugdainiciativa-iphone */ = {
			isa = PBXNativeTarget;
			buildConfigurationList = 27C9A4DC1582BB1A004FC975 /* Build configuration list for PBXNativeTarget "bugdainiciativa-iphone" */;
			buildPhases = (
				27C9A4B71582BB1A004FC975 /* Sources */,
				27C9A4B81582BB1A004FC975 /* Frameworks */,
				27C9A4B91582BB1A004FC975 /* Resources */,
			);
			buildRules = (
			);
			dependencies = (
			);
			name = "bugdainiciativa-iphone";
			productName = "bugdainiciativa-iphone";
			productReference = 27C9A4BB1582BB1A004FC975 /* bugdainiciativa-iphone.app */;
			productType = "com.apple.product-type.application";
		};
/* End PBXNativeTarget section */

/* Begin PBXProject section */
		27C9A4B21582BB1A004FC975 /* Project object */ = {
			isa = PBXProject;
			attributes = {
				CLASSPREFIX = FJ;
				LastUpgradeCheck = 0430;
				ORGANIZATIONNAME = dJomba;
			};
			buildConfigurationList = 27C9A4B51582BB1A004FC975 /* Build configuration list for PBXProject "bugdainiciativa-iphone" */;
			compatibilityVersion = "Xcode 3.2";
			developmentRegion = English;
			hasScannedForEncodings = 0;
			knownRegions = (
				en,
			);
			mainGroup = 27C9A4B01582BB1A004FC975;
			productRefGroup = 27C9A4BC1582BB1A004FC975 /* Products */;
			projectDirPath = "";
			projectRoot = "";
			targets = (
				27C9A4BA1582BB1A004FC975 /* bugdainiciativa-iphone */,
			);
		};
/* End PBXProject section */

/* Begin PBXResourcesBuildPhase section */
		27C9A4B91582BB1A004FC975 /* Resources */ = {
			isa = PBXResourcesBuildPhase;
			buildActionMask = 2147483647;
			files = (
				27C9A4CA1582BB1A004FC975 /* InfoPlist.strings in Resources */,
				27C9A4D31582BB1A004FC975 /* MainStoryboard_iPhone.storyboard in Resources */,
				27C9A4D61582BB1A004FC975 /* MainStoryboard_iPad.storyboard in Resources */,
				27582F7015851C3300C3BC63 /* bugdefault.png in Resources */,
				27582F7115851C3300C3BC63 /* bugdefault@2x.png in Resources */,
				2719E72015A9DB7400320BCE /* FJPullRefreshView.xib in Resources */,
			);
			runOnlyForDeploymentPostprocessing = 0;
		};
/* End PBXResourcesBuildPhase section */

/* Begin PBXSourcesBuildPhase section */
		27C9A4B71582BB1A004FC975 /* Sources */ = {
			isa = PBXSourcesBuildPhase;
			buildActionMask = 2147483647;
			files = (
				27C9A4CC1582BB1A004FC975 /* main.m in Sources */,
				27C9A4D01582BB1A004FC975 /* FJAppDelegate.m in Sources */,
				27C9A4EB1582BBA6004FC975 /* FJEventoDetailSceneScene.m in Sources */,
				27C9A4EC1582BBA6004FC975 /* FJEventosScene.m in Sources */,
				27C9A4F11582BBB3004FC975 /* FJCoreDataStack.m in Sources */,
				27C9A4F21582BBB3004FC975 /* FJDirectory.m in Sources */,
				27C9A4F51582BBBD004FC975 /* FJCoreDataStack+Bug.m in Sources */,
				27C9A4FC1582BBE7004FC975 /* FJBUGAtomParser.m in Sources */,
				27C9A5011582BBFA004FC975 /* Evento.m in Sources */,
				27C9A5021582BBFA004FC975 /* Evento+Extended.m in Sources */,
				27C9A5091582BC09004FC975 /* BugIniciativaModel.xcdatamodeld in Sources */,
				27C9A50A1582BC09004FC975 /* Category.m in Sources */,
				27C9A50B1582BC09004FC975 /* Category+Extended.m in Sources */,
				27582F6C15850C6C00C3BC63 /* FJEventoCell.m in Sources */,
				27080D52158A9A72004D73AB /* FJEventosServices.m in Sources */,
				27AE52C7158E140D005FA58A /* NSString+HTML.m in Sources */,
				27AE52CD158E1614005FA58A /* GTMNSString+HTML.m in Sources */,
				2719E71D15A9DB2700320BCE /* FJPullRefreshView.m in Sources */,
			);
			runOnlyForDeploymentPostprocessing = 0;
		};
/* End PBXSourcesBuildPhase section */

/* Begin PBXVariantGroup section */
		27C9A4C81582BB1A004FC975 /* InfoPlist.strings */ = {
			isa = PBXVariantGroup;
			children = (
				27C9A4C91582BB1A004FC975 /* en */,
			);
			name = InfoPlist.strings;
			sourceTree = "<group>";
		};
		27C9A4D11582BB1A004FC975 /* MainStoryboard_iPhone.storyboard */ = {
			isa = PBXVariantGroup;
			children = (
				27C9A4D21582BB1A004FC975 /* en */,
			);
			name = MainStoryboard_iPhone.storyboard;
			sourceTree = "<group>";
		};
		27C9A4D41582BB1A004FC975 /* MainStoryboard_iPad.storyboard */ = {
			isa = PBXVariantGroup;
			children = (
				27C9A4D51582BB1A004FC975 /* en */,
			);
			name = MainStoryboard_iPad.storyboard;
			sourceTree = "<group>";
		};
/* End PBXVariantGroup section */

/* Begin XCBuildConfiguration section */
		27C9A4DA1582BB1A004FC975 /* Debug */ = {
			isa = XCBuildConfiguration;
			buildSettings = {
				ALWAYS_SEARCH_USER_PATHS = NO;
				ARCHS = "$(ARCHS_STANDARD_32_BIT)";
				CLANG_ENABLE_OBJC_ARC = YES;
				"CODE_SIGN_IDENTITY[sdk=iphoneos*]" = "iPhone Developer";
				COPY_PHASE_STRIP = NO;
				GCC_C_LANGUAGE_STANDARD = gnu99;
				GCC_DYNAMIC_NO_PIC = NO;
				GCC_OPTIMIZATION_LEVEL = 0;
				GCC_PREPROCESSOR_DEFINITIONS = (
					"DEBUG=1",
					"$(inherited)",
				);
				GCC_SYMBOLS_PRIVATE_EXTERN = NO;
				GCC_VERSION = com.apple.compilers.llvm.clang.1_0;
				GCC_WARN_ABOUT_RETURN_TYPE = YES;
				GCC_WARN_UNINITIALIZED_AUTOS = YES;
				GCC_WARN_UNUSED_VARIABLE = YES;
				IPHONEOS_DEPLOYMENT_TARGET = 5.1;
				SDKROOT = iphoneos;
				TARGETED_DEVICE_FAMILY = "1,2";
			};
			name = Debug;
		};
		27C9A4DB1582BB1A004FC975 /* Release */ = {
			isa = XCBuildConfiguration;
			buildSettings = {
				ALWAYS_SEARCH_USER_PATHS = NO;
				ARCHS = "$(ARCHS_STANDARD_32_BIT)";
				CLANG_ENABLE_OBJC_ARC = YES;
				"CODE_SIGN_IDENTITY[sdk=iphoneos*]" = "iPhone Developer";
				COPY_PHASE_STRIP = YES;
				GCC_C_LANGUAGE_STANDARD = gnu99;
				GCC_VERSION = com.apple.compilers.llvm.clang.1_0;
				GCC_WARN_ABOUT_RETURN_TYPE = YES;
				GCC_WARN_UNINITIALIZED_AUTOS = YES;
				GCC_WARN_UNUSED_VARIABLE = YES;
				IPHONEOS_DEPLOYMENT_TARGET = 5.1;
				OTHER_CFLAGS = "-DNS_BLOCK_ASSERTIONS=1";
				SDKROOT = iphoneos;
				TARGETED_DEVICE_FAMILY = "1,2";
				VALIDATE_PRODUCT = YES;
			};
			name = Release;
		};
		27C9A4DD1582BB1A004FC975 /* Debug */ = {
			isa = XCBuildConfiguration;
			buildSettings = {
				GCC_PRECOMPILE_PREFIX_HEADER = YES;
				GCC_PREFIX_HEADER = "bugdainiciativa-iphone/bugdainiciativa-iphone-Prefix.pch";
				INFOPLIST_FILE = "bugdainiciativa-iphone/bugdainiciativa-iphone-Info.plist";
				PRODUCT_NAME = "$(TARGET_NAME)";
				TARGETED_DEVICE_FAMILY = 1;
				WRAPPER_EXTENSION = app;
			};
			name = Debug;
		};
		27C9A4DE1582BB1A004FC975 /* Release */ = {
			isa = XCBuildConfiguration;
			buildSettings = {
				GCC_PRECOMPILE_PREFIX_HEADER = YES;
				GCC_PREFIX_HEADER = "bugdainiciativa-iphone/bugdainiciativa-iphone-Prefix.pch";
				INFOPLIST_FILE = "bugdainiciativa-iphone/bugdainiciativa-iphone-Info.plist";
				PRODUCT_NAME = "$(TARGET_NAME)";
				TARGETED_DEVICE_FAMILY = 1;
				WRAPPER_EXTENSION = app;
			};
			name = Release;
		};
/* End XCBuildConfiguration section */

/* Begin XCConfigurationList section */
		27C9A4B51582BB1A004FC975 /* Build configuration list for PBXProject "bugdainiciativa-iphone" */ = {
			isa = XCConfigurationList;
			buildConfigurations = (
				27C9A4DA1582BB1A004FC975 /* Debug */,
				27C9A4DB1582BB1A004FC975 /* Release */,
			);
			defaultConfigurationIsVisible = 0;
			defaultConfigurationName = Release;
		};
		27C9A4DC1582BB1A004FC975 /* Build configuration list for PBXNativeTarget "bugdainiciativa-iphone" */ = {
			isa = XCConfigurationList;
			buildConfigurations = (
				27C9A4DD1582BB1A004FC975 /* Debug */,
				27C9A4DE1582BB1A004FC975 /* Release */,
			);
			defaultConfigurationIsVisible = 0;
			defaultConfigurationName = Release;
		};
/* End XCConfigurationList section */

/* Begin XCVersionGroup section */
		27C9A5031582BC09004FC975 /* BugIniciativaModel.xcdatamodeld */ = {
			isa = XCVersionGroup;
			children = (
				27C9A5041582BC09004FC975 /* BugIniciativaModel.xcdatamodel */,
			);
			currentVersion = 27C9A5041582BC09004FC975 /* BugIniciativaModel.xcdatamodel */;
			path = BugIniciativaModel.xcdatamodeld;
			sourceTree = "<group>";
			versionGroupType = wrapper.xcdatamodel;
		};
/* End XCVersionGroup section */
	};
	rootObject = 27C9A4B21582BB1A004FC975 /* Project object */;
}
